{
  "name": "@manga-js/manga-js-core",
  "version": "1.3.0",
  "lockfileVersion": 2,
  "requires": true,
  "packages": {
    "": {
      "name": "@manga-js/manga-js-core",
      "version": "1.3.0",
      "license": "Apache-2.0",
      "dependencies": {
        "@manga-js/middleware": "^1.0.0",
        "deep-object-diff": "^1.1.7",
        "object-merge": "^2.5.1",
        "object-merge-advanced": "12.1.0",
        "signals": "^1.0.0"
      }
    },
    "node_modules/@babel/runtime": {
      "version": "7.17.7",
      "resolved": "https://registry.npmjs.org/@babel/runtime/-/runtime-7.17.7.tgz",
      "integrity": "sha512-L6rvG9GDxaLgFjg41K+5Yv9OMrU98sWe+Ykmc6FDJW/+vYZMhdOMKkISgzptMaERHvS2Y2lw9MDRm2gHhlQQoA==",
      "dependencies": {
        "regenerator-runtime": "^0.13.4"
      },
      "engines": {
        "node": ">=6.9.0"
      }
    },
    "node_modules/@manga-js/middleware": {
      "version": "1.0.0",
      "resolved": "https://registry.npmjs.org/@manga-js/middleware/-/middleware-1.0.0.tgz",
      "integrity": "sha512-tH611T5KtudeGxK3X1jzrOS5q6F17wjVlx2dnRW+bdGzNCtfzVsSV907fR6dgzijB8IP9VcF77YriaGwHVX0vg=="
    },
    "node_modules/array-includes-with-glob": {
      "version": "3.1.0",
      "resolved": "https://registry.npmjs.org/array-includes-with-glob/-/array-includes-with-glob-3.1.0.tgz",
      "integrity": "sha512-/PZEKASyXWmUTkNhuxnmqybv1CmIdY5rp3axLy3Dv6SYfaBb+EgS7Nl991mquHT1N2u0YAnE3IOafVNRM6Y9dw==",
      "dependencies": {
        "@babel/runtime": "^7.14.0",
        "matcher": "^4.0.0"
      }
    },
    "node_modules/clone-function": {
      "version": "1.0.6",
      "resolved": "https://registry.npmjs.org/clone-function/-/clone-function-1.0.6.tgz",
      "integrity": "sha1-QoRxk3dQvKnEjsv7wW9uIy90oD0="
    },
    "node_modules/deep-object-diff": {
      "version": "1.1.7",
      "resolved": "https://registry.npmjs.org/deep-object-diff/-/deep-object-diff-1.1.7.tgz",
      "integrity": "sha512-QkgBca0mL08P6HiOjoqvmm6xOAl2W6CT2+34Ljhg0OeFan8cwlcdq8jrLKsBBuUFAZLsN5b6y491KdKEoSo9lg=="
    },
    "node_modules/escape-string-regexp": {
      "version": "4.0.0",
      "resolved": "https://registry.npmjs.org/escape-string-regexp/-/escape-string-regexp-4.0.0.tgz",
      "integrity": "sha512-TtpcNJ3XAzx3Gq8sWRzJaVajRs0uVxA2YAkdb1jm2YkPz4G6egUFAyA3n5vtEIZefPk5Wa4UXbKuS5fKkJWdgA==",
      "engines": {
        "node": ">=10"
      },
      "funding": {
        "url": "https://github.com/sponsors/sindresorhus"
      }
    },
    "node_modules/lodash.clonedeep": {
      "version": "4.5.0",
      "resolved": "https://registry.npmjs.org/lodash.clonedeep/-/lodash.clonedeep-4.5.0.tgz",
      "integrity": "sha1-4j8/nE+Pvd6HJSnBBxhXoIblzO8="
    },
    "node_modules/lodash.includes": {
      "version": "4.3.0",
      "resolved": "https://registry.npmjs.org/lodash.includes/-/lodash.includes-4.3.0.tgz",
      "integrity": "sha1-YLuYqHy5I8aMoeUTJUgzFISfVT8="
    },
    "node_modules/lodash.isdate": {
      "version": "4.0.1",
      "resolved": "https://registry.npmjs.org/lodash.isdate/-/lodash.isdate-4.0.1.tgz",
      "integrity": "sha1-NaVDZzuddhEN5BFLMsxXcEin82Y="
    },
    "node_modules/lodash.isplainobject": {
      "version": "4.0.6",
      "resolved": "https://registry.npmjs.org/lodash.isplainobject/-/lodash.isplainobject-4.0.6.tgz",
      "integrity": "sha1-fFJqUtibRcRcxpC4gWO+BJf1UMs="
    },
    "node_modules/lodash.uniq": {
      "version": "4.5.0",
      "resolved": "https://registry.npmjs.org/lodash.uniq/-/lodash.uniq-4.5.0.tgz",
      "integrity": "sha1-0CJTc662Uq3BvILklFM5qEJ1R3M="
    },
    "node_modules/matcher": {
      "version": "4.0.0",
      "resolved": "https://registry.npmjs.org/matcher/-/matcher-4.0.0.tgz",
      "integrity": "sha512-S6x5wmcDmsDRRU/c2dkccDwQPXoFczc5+HpQ2lON8pnvHlnvHAHj5WlLVvw6n6vNyHuVugYrFohYxbS+pvFpKQ==",
      "dependencies": {
        "escape-string-regexp": "^4.0.0"
      },
      "engines": {
        "node": ">=10"
      },
      "funding": {
        "url": "https://github.com/sponsors/sindresorhus"
      }
    },
    "node_modules/object-foreach": {
      "version": "0.1.2",
      "resolved": "https://registry.npmjs.org/object-foreach/-/object-foreach-0.1.2.tgz",
      "integrity": "sha1-10IcW0DjtqPvV6xiQ2jSHY+NLew="
    },
    "node_modules/object-merge": {
      "version": "2.5.1",
      "resolved": "https://registry.npmjs.org/object-merge/-/object-merge-2.5.1.tgz",
      "integrity": "sha1-B36JFc446nKUeIRIxd0znjTfQic=",
      "dependencies": {
        "clone-function": ">=1.0.1",
        "object-foreach": ">=0.1.2"
      }
    },
    "node_modules/object-merge-advanced": {
      "version": "12.1.0",
      "resolved": "https://registry.npmjs.org/object-merge-advanced/-/object-merge-advanced-12.1.0.tgz",
      "integrity": "sha512-LHXjJNOQUyKglFvaOllSOxcNPzIITmysTGvomfyIzHlb6cWdPAJbsS0lpcE4Mbk6sdUkYk0bXpNdvXdpfbxXLQ==",
      "dependencies": {
        "@babel/runtime": "^7.14.0",
        "array-includes-with-glob": "^3.1.0",
        "lodash.clonedeep": "^4.5.0",
        "lodash.includes": "^4.3.0",
        "lodash.isdate": "^4.0.1",
        "lodash.isplainobject": "^4.0.6",
        "lodash.uniq": "^4.5.0",
        "util-nonempty": "^3.1.0"
      }
    },
    "node_modules/regenerator-runtime": {
      "version": "0.13.9",
      "resolved": "https://registry.npmjs.org/regenerator-runtime/-/regenerator-runtime-0.13.9.tgz",
      "integrity": "sha512-p3VT+cOEgxFsRRA9X4lkI1E+k2/CtnKtU4gcxyaCUreilL/vqI6CdZ3wxVUx3UOUg+gnUOQQcRI7BmSI656MYA=="
    },
    "node_modules/signals": {
      "version": "1.0.0",
      "resolved": "https://registry.npmjs.org/signals/-/signals-1.0.0.tgz",
      "integrity": "sha1-ZfDBWZNSs1Ny7KrlolDmEHN27Wk="
    },
    "node_modules/util-nonempty": {
      "version": "3.1.0",
      "resolved": "https://registry.npmjs.org/util-nonempty/-/util-nonempty-3.1.0.tgz",
      "integrity": "sha512-OSZlWoCL74Go83Qw/aeZgSmFZnp9d06bF77b1eAOKipkPWhvxjRYB2nmKiGspoVjkJJEJimzxAgBFUQiUV/oZQ==",
      "dependencies": {
        "@babel/runtime": "^7.14.0",
        "lodash.isplainobject": "^4.0.6"
      }
    }
  },
  "dependencies": {
    "@babel/runtime": {
      "version": "7.17.7",
      "resolved": "https://registry.npmjs.org/@babel/runtime/-/runtime-7.17.7.tgz",
      "integrity": "sha512-L6rvG9GDxaLgFjg41K+5Yv9OMrU98sWe+Ykmc6FDJW/+vYZMhdOMKkISgzptMaERHvS2Y2lw9MDRm2gHhlQQoA==",
      "requires": {
        "regenerator-runtime": "^0.13.4"
      }
    },
    "@manga-js/middleware": {
      "version": "1.0.0",
      "resolved": "https://registry.npmjs.org/@manga-js/middleware/-/middleware-1.0.0.tgz",
      "integrity": "sha512-tH611T5KtudeGxK3X1jzrOS5q6F17wjVlx2dnRW+bdGzNCtfzVsSV907fR6dgzijB8IP9VcF77YriaGwHVX0vg=="
    },
    "array-includes-with-glob": {
      "version": "3.1.0",
      "resolved": "https://registry.npmjs.org/array-includes-with-glob/-/array-includes-with-glob-3.1.0.tgz",
      "integrity": "sha512-/PZEKASyXWmUTkNhuxnmqybv1CmIdY5rp3axLy3Dv6SYfaBb+EgS7Nl991mquHT1N2u0YAnE3IOafVNRM6Y9dw==",
      "requires": {
        "@babel/runtime": "^7.14.0",
        "matcher": "^4.0.0"
      }
    },
    "clone-function": {
      "version": "1.0.6",
      "resolved": "https://registry.npmjs.org/clone-function/-/clone-function-1.0.6.tgz",
      "integrity": "sha1-QoRxk3dQvKnEjsv7wW9uIy90oD0="
    },
    "deep-object-diff": {
      "version": "1.1.7",
      "resolved": "https://registry.npmjs.org/deep-object-diff/-/deep-object-diff-1.1.7.tgz",
      "integrity": "sha512-QkgBca0mL08P6HiOjoqvmm6xOAl2W6CT2+34Ljhg0OeFan8cwlcdq8jrLKsBBuUFAZLsN5b6y491KdKEoSo9lg=="
    },
    "escape-string-regexp": {
      "version": "4.0.0",
      "resolved": "https://registry.npmjs.org/escape-string-regexp/-/escape-string-regexp-4.0.0.tgz",
      "integrity": "sha512-TtpcNJ3XAzx3Gq8sWRzJaVajRs0uVxA2YAkdb1jm2YkPz4G6egUFAyA3n5vtEIZefPk5Wa4UXbKuS5fKkJWdgA=="
    },
    "lodash.clonedeep": {
      "version": "4.5.0",
      "resolved": "https://registry.npmjs.org/lodash.clonedeep/-/lodash.clonedeep-4.5.0.tgz",
      "integrity": "sha1-4j8/nE+Pvd6HJSnBBxhXoIblzO8="
    },
    "lodash.includes": {
      "version": "4.3.0",
      "resolved": "https://registry.npmjs.org/lodash.includes/-/lodash.includes-4.3.0.tgz",
      "integrity": "sha1-YLuYqHy5I8aMoeUTJUgzFISfVT8="
    },
    "lodash.isdate": {
      "version": "4.0.1",
      "resolved": "https://registry.npmjs.org/lodash.isdate/-/lodash.isdate-4.0.1.tgz",
      "integrity": "sha1-NaVDZzuddhEN5BFLMsxXcEin82Y="
    },
    "lodash.isplainobject": {
      "version": "4.0.6",
      "resolved": "https://registry.npmjs.org/lodash.isplainobject/-/lodash.isplainobject-4.0.6.tgz",
      "integrity": "sha1-fFJqUtibRcRcxpC4gWO+BJf1UMs="
    },
    "lodash.uniq": {
      "version": "4.5.0",
      "resolved": "https://registry.npmjs.org/lodash.uniq/-/lodash.uniq-4.5.0.tgz",
      "integrity": "sha1-0CJTc662Uq3BvILklFM5qEJ1R3M="
    },
    "matcher": {
      "version": "4.0.0",
      "resolved": "https://registry.npmjs.org/matcher/-/matcher-4.0.0.tgz",
      "integrity": "sha512-S6x5wmcDmsDRRU/c2dkccDwQPXoFczc5+HpQ2lON8pnvHlnvHAHj5WlLVvw6n6vNyHuVugYrFohYxbS+pvFpKQ==",
      "requires": {
        "escape-string-regexp": "^4.0.0"
      }
    },
    "object-foreach": {
      "version": "0.1.2",
      "resolved": "https://registry.npmjs.org/object-foreach/-/object-foreach-0.1.2.tgz",
      "integrity": "sha1-10IcW0DjtqPvV6xiQ2jSHY+NLew="
    },
    "object-merge": {
      "version": "2.5.1",
      "resolved": "https://registry.npmjs.org/object-merge/-/object-merge-2.5.1.tgz",
      "integrity": "sha1-B36JFc446nKUeIRIxd0znjTfQic=",
      "requires": {
        "clone-function": ">=1.0.1",
        "object-foreach": ">=0.1.2"
      }
    },
    "object-merge-advanced": {
      "version": "12.1.0",
      "resolved": "https://registry.npmjs.org/object-merge-advanced/-/object-merge-advanced-12.1.0.tgz",
      "integrity": "sha512-LHXjJNOQUyKglFvaOllSOxcNPzIITmysTGvomfyIzHlb6cWdPAJbsS0lpcE4Mbk6sdUkYk0bXpNdvXdpfbxXLQ==",
      "requires": {
        "@babel/runtime": "^7.14.0",
        "array-includes-with-glob": "^3.1.0",
        "lodash.clonedeep": "^4.5.0",
        "lodash.includes": "^4.3.0",
        "lodash.isdate": "^4.0.1",
        "lodash.isplainobject": "^4.0.6",
        "lodash.uniq": "^4.5.0",
        "util-nonempty": "^3.1.0"
      }
    },
    "regenerator-runtime": {
      "version": "0.13.9",
      "resolved": "https://registry.npmjs.org/regenerator-runtime/-/regenerator-runtime-0.13.9.tgz",
      "integrity": "sha512-p3VT+cOEgxFsRRA9X4lkI1E+k2/CtnKtU4gcxyaCUreilL/vqI6CdZ3wxVUx3UOUg+gnUOQQcRI7BmSI656MYA=="
    },
    "signals": {
      "version": "1.0.0",
      "resolved": "https://registry.npmjs.org/signals/-/signals-1.0.0.tgz",
      "integrity": "sha1-ZfDBWZNSs1Ny7KrlolDmEHN27Wk="
    },
    "util-nonempty": {
      "version": "3.1.0",
      "resolved": "https://registry.npmjs.org/util-nonempty/-/util-nonempty-3.1.0.tgz",
      "integrity": "sha512-OSZlWoCL74Go83Qw/aeZgSmFZnp9d06bF77b1eAOKipkPWhvxjRYB2nmKiGspoVjkJJEJimzxAgBFUQiUV/oZQ==",
      "requires": {
        "@babel/runtime": "^7.14.0",
        "lodash.isplainobject": "^4.0.6"
      }
    }
  }
}
